// !$*UTF8*$!
{
	archiveVersion = 1;
	classes = {
	};
	objectVersion = 48;
	objects = {

/* Begin PBXBuildFile section */
		0E0D7FCF2064224000ED8368 /* Info.plist in Resources */ = {isa = PBXBuildFile; fileRef = 0E8369412046C41900847E64 /* Info.plist */; };
		0E0D7FD12064244B00ED8368 /* RxMVVMTests.swift in Sources */ = {isa = PBXBuildFile; fileRef = 0E83693F2046C41900847E64 /* RxMVVMTests.swift */; };
		0E2E84A52064278100F7DFF2 /* ApiRequest.swift in Sources */ = {isa = PBXBuildFile; fileRef = 0EC174A320488D6D00BBDBCE /* ApiRequest.swift */; };
		0E2E84A62064278400F7DFF2 /* ApiRequestDelegate.swift in Sources */ = {isa = PBXBuildFile; fileRef = 0E6A6E3B20487A5700F359CE /* ApiRequestDelegate.swift */; };
		0E2E84A72064278800F7DFF2 /* RNDController.swift in Sources */ = {isa = PBXBuildFile; fileRef = 0ED82E80206180CB00BEFC4C /* RNDController.swift */; };
		0E2E84A82064278C00F7DFF2 /* RNDControllerDelegate.swift in Sources */ = {isa = PBXBuildFile; fileRef = 0ED82E8220618B3100BEFC4C /* RNDControllerDelegate.swift */; };
		0E2E84A92064279100F7DFF2 /* InitialViewController.swift in Sources */ = {isa = PBXBuildFile; fileRef = 0E83692C2046C41800847E64 /* InitialViewController.swift */; };
		0E2E84AA2064279400F7DFF2 /* RNDViewModel.swift in Sources */ = {isa = PBXBuildFile; fileRef = 0E6A6E392048764E00F359CE /* RNDViewModel.swift */; };
		0E2E84B12064286800F7DFF2 /* RNDModel.swift in Sources */ = {isa = PBXBuildFile; fileRef = 0E6A6E372048360900F359CE /* RNDModel.swift */; };
		0E6A6E382048360900F359CE /* RNDModel.swift in Sources */ = {isa = PBXBuildFile; fileRef = 0E6A6E372048360900F359CE /* RNDModel.swift */; };
		0E6A6E3A2048764E00F359CE /* RNDViewModel.swift in Sources */ = {isa = PBXBuildFile; fileRef = 0E6A6E392048764E00F359CE /* RNDViewModel.swift */; };
		0E6A6E3C20487A5700F359CE /* ApiRequestDelegate.swift in Sources */ = {isa = PBXBuildFile; fileRef = 0E6A6E3B20487A5700F359CE /* ApiRequestDelegate.swift */; };
		0E83692B2046C41800847E64 /* AppDelegate.swift in Sources */ = {isa = PBXBuildFile; fileRef = 0E83692A2046C41800847E64 /* AppDelegate.swift */; };
		0E83692D2046C41800847E64 /* InitialViewController.swift in Sources */ = {isa = PBXBuildFile; fileRef = 0E83692C2046C41800847E64 /* InitialViewController.swift */; };
		0E8369302046C41800847E64 /* Main.storyboard in Resources */ = {isa = PBXBuildFile; fileRef = 0E83692E2046C41800847E64 /* Main.storyboard */; };
		0E8369322046C41800847E64 /* Assets.xcassets in Resources */ = {isa = PBXBuildFile; fileRef = 0E8369312046C41800847E64 /* Assets.xcassets */; };
		0E8369352046C41800847E64 /* LaunchScreen.storyboard in Resources */ = {isa = PBXBuildFile; fileRef = 0E8369332046C41800847E64 /* LaunchScreen.storyboard */; };
		0EC174A420488D6D00BBDBCE /* ApiRequest.swift in Sources */ = {isa = PBXBuildFile; fileRef = 0EC174A320488D6D00BBDBCE /* ApiRequest.swift */; };
		0ED82E81206180CB00BEFC4C /* RNDController.swift in Sources */ = {isa = PBXBuildFile; fileRef = 0ED82E80206180CB00BEFC4C /* RNDController.swift */; };
		0ED82E8320618B3100BEFC4C /* RNDControllerDelegate.swift in Sources */ = {isa = PBXBuildFile; fileRef = 0ED82E8220618B3100BEFC4C /* RNDControllerDelegate.swift */; };
		1E56E8BCE220A2F1141EDF3B /* Pods_RxMVVM.framework in Frameworks */ = {isa = PBXBuildFile; fileRef = 52E5804F4410F76F61E49738 /* Pods_RxMVVM.framework */; };
		6C6256B411DA1D1859AA1510 /* Pods_RxMVVMTests.framework in Frameworks */ = {isa = PBXBuildFile; fileRef = F733F760F3BB6338CD32AA10 /* Pods_RxMVVMTests.framework */; };
/* End PBXBuildFile section */

/* Begin PBXContainerItemProxy section */
		0E83693C2046C41900847E64 /* PBXContainerItemProxy */ = {
			isa = PBXContainerItemProxy;
			containerPortal = 0E83691F2046C41800847E64 /* Project object */;
			proxyType = 1;
			remoteGlobalIDString = 0E8369262046C41800847E64;
			remoteInfo = TestMVVM;
		};
/* End PBXContainerItemProxy section */

/* Begin PBXCopyFilesBuildPhase section */
		0E0D7FD02064233F00ED8368 /* CopyFiles */ = {
			isa = PBXCopyFilesBuildPhase;
			buildActionMask = 2147483647;
			dstPath = "";
			dstSubfolderSpec = 7;
			files = (
			);
			runOnlyForDeploymentPostprocessing = 0;
		};
/* End PBXCopyFilesBuildPhase section */

/* Begin PBXFileReference section */
		0C9BE75448ACAA4CEDCE8E24 /* Pods-RxMVVMTests.release.xcconfig */ = {isa = PBXFileReference; includeInIndex = 1; lastKnownFileType = text.xcconfig; name = "Pods-RxMVVMTests.release.xcconfig"; path = "Pods/Target Support Files/Pods-RxMVVMTests/Pods-RxMVVMTests.release.xcconfig"; sourceTree = "<group>"; };
		0E6A6E372048360900F359CE /* RNDModel.swift */ = {isa = PBXFileReference; lastKnownFileType = sourcecode.swift; path = RNDModel.swift; sourceTree = "<group>"; };
		0E6A6E392048764E00F359CE /* RNDViewModel.swift */ = {isa = PBXFileReference; lastKnownFileType = sourcecode.swift; path = RNDViewModel.swift; sourceTree = "<group>"; };
		0E6A6E3B20487A5700F359CE /* ApiRequestDelegate.swift */ = {isa = PBXFileReference; lastKnownFileType = sourcecode.swift; path = ApiRequestDelegate.swift; sourceTree = "<group>"; };
		0E8369272046C41800847E64 /* RxMVVM.app */ = {isa = PBXFileReference; explicitFileType = wrapper.application; includeInIndex = 0; path = RxMVVM.app; sourceTree = BUILT_PRODUCTS_DIR; };
		0E83692A2046C41800847E64 /* AppDelegate.swift */ = {isa = PBXFileReference; lastKnownFileType = sourcecode.swift; path = AppDelegate.swift; sourceTree = "<group>"; };
		0E83692C2046C41800847E64 /* InitialViewController.swift */ = {isa = PBXFileReference; lastKnownFileType = sourcecode.swift; path = InitialViewController.swift; sourceTree = "<group>"; };
		0E83692F2046C41800847E64 /* Base */ = {isa = PBXFileReference; lastKnownFileType = file.storyboard; name = Base; path = Base.lproj/Main.storyboard; sourceTree = "<group>"; };
		0E8369312046C41800847E64 /* Assets.xcassets */ = {isa = PBXFileReference; lastKnownFileType = folder.assetcatalog; path = Assets.xcassets; sourceTree = "<group>"; };
		0E8369342046C41800847E64 /* Base */ = {isa = PBXFileReference; lastKnownFileType = file.storyboard; name = Base; path = Base.lproj/LaunchScreen.storyboard; sourceTree = "<group>"; };
		0E8369362046C41800847E64 /* Info.plist */ = {isa = PBXFileReference; lastKnownFileType = text.plist.xml; path = Info.plist; sourceTree = "<group>"; };
		0E83693B2046C41900847E64 /* RxMVVMTests.xctest */ = {isa = PBXFileReference; explicitFileType = wrapper.cfbundle; includeInIndex = 0; path = RxMVVMTests.xctest; sourceTree = BUILT_PRODUCTS_DIR; };
		0E83693F2046C41900847E64 /* RxMVVMTests.swift */ = {isa = PBXFileReference; lastKnownFileType = sourcecode.swift; path = RxMVVMTests.swift; sourceTree = "<group>"; };
		0E8369412046C41900847E64 /* Info.plist */ = {isa = PBXFileReference; lastKnownFileType = text.plist.xml; path = Info.plist; sourceTree = "<group>"; };
		0EC174A320488D6D00BBDBCE /* ApiRequest.swift */ = {isa = PBXFileReference; lastKnownFileType = sourcecode.swift; path = ApiRequest.swift; sourceTree = "<group>"; };
		0ED82E80206180CB00BEFC4C /* RNDController.swift */ = {isa = PBXFileReference; lastKnownFileType = sourcecode.swift; path = RNDController.swift; sourceTree = "<group>"; };
		0ED82E8220618B3100BEFC4C /* RNDControllerDelegate.swift */ = {isa = PBXFileReference; lastKnownFileType = sourcecode.swift; path = RNDControllerDelegate.swift; sourceTree = "<group>"; };
		215F7B82590F8234515C71A1 /* Pods-RxMVVM.release.xcconfig */ = {isa = PBXFileReference; includeInIndex = 1; lastKnownFileType = text.xcconfig; name = "Pods-RxMVVM.release.xcconfig"; path = "Pods/Target Support Files/Pods-RxMVVM/Pods-RxMVVM.release.xcconfig"; sourceTree = "<group>"; };
		4C9FCB7424EDD0B71CBA3358 /* Pods-RxMVVMTests.debug.xcconfig */ = {isa = PBXFileReference; includeInIndex = 1; lastKnownFileType = text.xcconfig; name = "Pods-RxMVVMTests.debug.xcconfig"; path = "Pods/Target Support Files/Pods-RxMVVMTests/Pods-RxMVVMTests.debug.xcconfig"; sourceTree = "<group>"; };
		52E5804F4410F76F61E49738 /* Pods_RxMVVM.framework */ = {isa = PBXFileReference; explicitFileType = wrapper.framework; includeInIndex = 0; path = Pods_RxMVVM.framework; sourceTree = BUILT_PRODUCTS_DIR; };
		EBF4BF7355946532C30010AF /* Pods-RxMVVM.debug.xcconfig */ = {isa = PBXFileReference; includeInIndex = 1; lastKnownFileType = text.xcconfig; name = "Pods-RxMVVM.debug.xcconfig"; path = "Pods/Target Support Files/Pods-RxMVVM/Pods-RxMVVM.debug.xcconfig"; sourceTree = "<group>"; };
		F733F760F3BB6338CD32AA10 /* Pods_RxMVVMTests.framework */ = {isa = PBXFileReference; explicitFileType = wrapper.framework; includeInIndex = 0; path = Pods_RxMVVMTests.framework; sourceTree = BUILT_PRODUCTS_DIR; };
/* End PBXFileReference section */

/* Begin PBXFrameworksBuildPhase section */
		0E8369242046C41800847E64 /* Frameworks */ = {
			isa = PBXFrameworksBuildPhase;
			buildActionMask = 2147483647;
			files = (
				1E56E8BCE220A2F1141EDF3B /* Pods_RxMVVM.framework in Frameworks */,
			);
			runOnlyForDeploymentPostprocessing = 0;
		};
		0E8369382046C41900847E64 /* Frameworks */ = {
			isa = PBXFrameworksBuildPhase;
			buildActionMask = 2147483647;
			files = (
				6C6256B411DA1D1859AA1510 /* Pods_RxMVVMTests.framework in Frameworks */,
			);
			runOnlyForDeploymentPostprocessing = 0;
		};
/* End PBXFrameworksBuildPhase section */

/* Begin PBXGroup section */
		0E83691E2046C41800847E64 = {
			isa = PBXGroup;
			children = (
				0E8369292046C41800847E64 /* RxMVVM */,
				0E83693E2046C41900847E64 /* RxMVVMTests */,
				0E8369282046C41800847E64 /* Products */,
				0EC1749F20488D0400BBDBCE /* Frameworks */,
				D4988C2E5CCDEE52921F1E21 /* Pods */,
			);
			sourceTree = "<group>";
		};
		0E8369282046C41800847E64 /* Products */ = {
			isa = PBXGroup;
			children = (
				0E8369272046C41800847E64 /* RxMVVM.app */,
				0E83693B2046C41900847E64 /* RxMVVMTests.xctest */,
			);
			name = Products;
			sourceTree = "<group>";
		};
		0E8369292046C41800847E64 /* RxMVVM */ = {
			isa = PBXGroup;
			children = (
				0E83692A2046C41800847E64 /* AppDelegate.swift */,
				0EAD84332059A4440085CC91 /* Views */,
				0EC174F32049859400BBDBCE /* ViewModel */,
				0ED82E7F206180AD00BEFC4C /* Controller */,
				0EC174F22049857800BBDBCE /* Networking */,
				0EC174F4204985D600BBDBCE /* Model */,
				0EC174F5204985F200BBDBCE /* Resources */,
			);
			path = RxMVVM;
			sourceTree = "<group>";
		};
		0E83693E2046C41900847E64 /* RxMVVMTests */ = {
			isa = PBXGroup;
			children = (
				0E83693F2046C41900847E64 /* RxMVVMTests.swift */,
				0E8369412046C41900847E64 /* Info.plist */,
			);
			path = RxMVVMTests;
			sourceTree = "<group>";
		};
		0EAD84332059A4440085CC91 /* Views */ = {
			isa = PBXGroup;
			children = (
				0E83692C2046C41800847E64 /* InitialViewController.swift */,
				0E83692E2046C41800847E64 /* Main.storyboard */,
			);
			path = Views;
			sourceTree = "<group>";
		};
		0EC1749F20488D0400BBDBCE /* Frameworks */ = {
			isa = PBXGroup;
			children = (
				52E5804F4410F76F61E49738 /* Pods_RxMVVM.framework */,
				F733F760F3BB6338CD32AA10 /* Pods_RxMVVMTests.framework */,
			);
			name = Frameworks;
			sourceTree = "<group>";
		};
		0EC174F22049857800BBDBCE /* Networking */ = {
			isa = PBXGroup;
			children = (
				0E6A6E3B20487A5700F359CE /* ApiRequestDelegate.swift */,
				0EC174A320488D6D00BBDBCE /* ApiRequest.swift */,
			);
			path = Networking;
			sourceTree = "<group>";
		};
		0EC174F32049859400BBDBCE /* ViewModel */ = {
			isa = PBXGroup;
			children = (
				0E6A6E392048764E00F359CE /* RNDViewModel.swift */,
			);
			path = ViewModel;
			sourceTree = "<group>";
		};
		0EC174F4204985D600BBDBCE /* Model */ = {
			isa = PBXGroup;
			children = (
				0E6A6E372048360900F359CE /* RNDModel.swift */,
			);
			path = Model;
			sourceTree = "<group>";
		};
		0EC174F5204985F200BBDBCE /* Resources */ = {
			isa = PBXGroup;
			children = (
				0E8369332046C41800847E64 /* LaunchScreen.storyboard */,
				0E8369312046C41800847E64 /* Assets.xcassets */,
				0E8369362046C41800847E64 /* Info.plist */,
			);
			path = Resources;
			sourceTree = "<group>";
		};
		0ED82E7F206180AD00BEFC4C /* Controller */ = {
			isa = PBXGroup;
			children = (
				0ED82E80206180CB00BEFC4C /* RNDController.swift */,
				0ED82E8220618B3100BEFC4C /* RNDControllerDelegate.swift */,
			);
			path = Controller;
			sourceTree = "<group>";
		};
		D4988C2E5CCDEE52921F1E21 /* Pods */ = {
			isa = PBXGroup;
			children = (
				EBF4BF7355946532C30010AF /* Pods-RxMVVM.debug.xcconfig */,
				215F7B82590F8234515C71A1 /* Pods-RxMVVM.release.xcconfig */,
				4C9FCB7424EDD0B71CBA3358 /* Pods-RxMVVMTests.debug.xcconfig */,
				0C9BE75448ACAA4CEDCE8E24 /* Pods-RxMVVMTests.release.xcconfig */,
			);
			name = Pods;
			sourceTree = "<group>";
		};
/* End PBXGroup section */

/* Begin PBXNativeTarget section */
		0E8369262046C41800847E64 /* RxMVVM */ = {
			isa = PBXNativeTarget;
			buildConfigurationList = 0E83694F2046C41900847E64 /* Build configuration list for PBXNativeTarget "RxMVVM" */;
			buildPhases = (
				F0E5BEA6FF93A3C1AE55E2FF /* [CP] Check Pods Manifest.lock */,
				0E8369232046C41800847E64 /* Sources */,
				0E8369242046C41800847E64 /* Frameworks */,
				0E8369252046C41800847E64 /* Resources */,
				8A1C894F863F8A6B159EC439 /* [CP] Embed Pods Frameworks */,
				17AB27406E8CDEC080DBC042 /* [CP] Copy Pods Resources */,
			);
			buildRules = (
			);
			dependencies = (
			);
			name = RxMVVM;
			productName = TestMVVM;
			productReference = 0E8369272046C41800847E64 /* RxMVVM.app */;
			productType = "com.apple.product-type.application";
		};
		0E83693A2046C41900847E64 /* RxMVVMTests */ = {
			isa = PBXNativeTarget;
			buildConfigurationList = 0E8369522046C41900847E64 /* Build configuration list for PBXNativeTarget "RxMVVMTests" */;
			buildPhases = (
				BC5D6F3FC4A9C650E7955AF5 /* [CP] Check Pods Manifest.lock */,
				0E8369372046C41900847E64 /* Sources */,
				0E8369382046C41900847E64 /* Frameworks */,
				0E8369392046C41900847E64 /* Resources */,
				0E0D7FD02064233F00ED8368 /* CopyFiles */,
				43698F0240A9AB17DD7AF9EE /* [CP] Embed Pods Frameworks */,
				61AA38B13AD4EB413CA7FBC7 /* [CP] Copy Pods Resources */,
			);
			buildRules = (
			);
			dependencies = (
				0E83693D2046C41900847E64 /* PBXTargetDependency */,
			);
			name = RxMVVMTests;
			productName = TestMVVMTests;
			productReference = 0E83693B2046C41900847E64 /* RxMVVMTests.xctest */;
			productType = "com.apple.product-type.bundle.unit-test";
		};
/* End PBXNativeTarget section */

/* Begin PBXProject section */
		0E83691F2046C41800847E64 /* Project object */ = {
			isa = PBXProject;
			attributes = {
				LastSwiftUpdateCheck = 0920;
				LastUpgradeCheck = 0920;
				ORGANIZATIONNAME = jader;
				TargetAttributes = {
					0E8369262046C41800847E64 = {
						CreatedOnToolsVersion = 9.2;
						ProvisioningStyle = Automatic;
					};
					0E83693A2046C41900847E64 = {
						CreatedOnToolsVersion = 9.2;
						ProvisioningStyle = Automatic;
						TestTargetID = 0E8369262046C41800847E64;
					};
				};
			};
			buildConfigurationList = 0E8369222046C41800847E64 /* Build configuration list for PBXProject "RxMVVM" */;
			compatibilityVersion = "Xcode 8.0";
			developmentRegion = en;
			hasScannedForEncodings = 0;
			knownRegions = (
				en,
				Base,
			);
			mainGroup = 0E83691E2046C41800847E64;
			productRefGroup = 0E8369282046C41800847E64 /* Products */;
			projectDirPath = "";
			projectRoot = "";
			targets = (
				0E8369262046C41800847E64 /* RxMVVM */,
				0E83693A2046C41900847E64 /* RxMVVMTests */,
			);
		};
/* End PBXProject section */

/* Begin PBXResourcesBuildPhase section */
		0E8369252046C41800847E64 /* Resources */ = {
			isa = PBXResourcesBuildPhase;
			buildActionMask = 2147483647;
			files = (
				0E8369352046C41800847E64 /* LaunchScreen.storyboard in Resources */,
				0E8369322046C41800847E64 /* Assets.xcassets in Resources */,
				0E8369302046C41800847E64 /* Main.storyboard in Resources */,
			);
			runOnlyForDeploymentPostprocessing = 0;
		};
		0E8369392046C41900847E64 /* Resources */ = {
			isa = PBXResourcesBuildPhase;
			buildActionMask = 2147483647;
			files = (
				0E0D7FCF2064224000ED8368 /* Info.plist in Resources */,
			);
			runOnlyForDeploymentPostprocessing = 0;
		};
/* End PBXResourcesBuildPhase section */

/* Begin PBXShellScriptBuildPhase section */
		17AB27406E8CDEC080DBC042 /* [CP] Copy Pods Resources */ = {
			isa = PBXShellScriptBuildPhase;
			buildActionMask = 2147483647;
			files = (
			);
			inputPaths = (
			);
			name = "[CP] Copy Pods Resources";
			outputPaths = (
			);
			runOnlyForDeploymentPostprocessing = 0;
			shellPath = /bin/sh;
			shellScript = "\"${SRCROOT}/Pods/Target Support Files/Pods-RxMVVM/Pods-RxMVVM-resources.sh\"\n";
			showEnvVarsInLog = 0;
		};
		43698F0240A9AB17DD7AF9EE /* [CP] Embed Pods Frameworks */ = {
			isa = PBXShellScriptBuildPhase;
			buildActionMask = 2147483647;
			files = (
			);
			inputPaths = (
				"${SRCROOT}/Pods/Target Support Files/Pods-RxMVVMTests/Pods-RxMVVMTests-frameworks.sh",
				"${BUILT_PRODUCTS_DIR}/Alamofire/Alamofire.framework",
				"${BUILT_PRODUCTS_DIR}/RxCocoa/RxCocoa.framework",
				"${BUILT_PRODUCTS_DIR}/RxSwift/RxSwift.framework",
			);
			name = "[CP] Embed Pods Frameworks";
			outputPaths = (
				"${TARGET_BUILD_DIR}/${FRAMEWORKS_FOLDER_PATH}/Alamofire.framework",
				"${TARGET_BUILD_DIR}/${FRAMEWORKS_FOLDER_PATH}/RxCocoa.framework",
				"${TARGET_BUILD_DIR}/${FRAMEWORKS_FOLDER_PATH}/RxSwift.framework",
			);
			runOnlyForDeploymentPostprocessing = 0;
			shellPath = /bin/sh;
			shellScript = "\"${SRCROOT}/Pods/Target Support Files/Pods-RxMVVMTests/Pods-RxMVVMTests-frameworks.sh\"\n";
			showEnvVarsInLog = 0;
		};
		61AA38B13AD4EB413CA7FBC7 /* [CP] Copy Pods Resources */ = {
			isa = PBXShellScriptBuildPhase;
			buildActionMask = 2147483647;
			files = (
			);
			inputPaths = (
			);
			name = "[CP] Copy Pods Resources";
			outputPaths = (
			);
			runOnlyForDeploymentPostprocessing = 0;
			shellPath = /bin/sh;
			shellScript = "\"${SRCROOT}/Pods/Target Support Files/Pods-RxMVVMTests/Pods-RxMVVMTests-resources.sh\"\n";
			showEnvVarsInLog = 0;
		};
		8A1C894F863F8A6B159EC439 /* [CP] Embed Pods Frameworks */ = {
			isa = PBXShellScriptBuildPhase;
			buildActionMask = 2147483647;
			files = (
			);
			inputPaths = (
				"${SRCROOT}/Pods/Target Support Files/Pods-RxMVVM/Pods-RxMVVM-frameworks.sh",
				"${BUILT_PRODUCTS_DIR}/Alamofire/Alamofire.framework",
				"${BUILT_PRODUCTS_DIR}/RxCocoa/RxCocoa.framework",
				"${BUILT_PRODUCTS_DIR}/RxSwift/RxSwift.framework",
			);
			name = "[CP] Embed Pods Frameworks";
			outputPaths = (
				"${TARGET_BUILD_DIR}/${FRAMEWORKS_FOLDER_PATH}/Alamofire.framework",
				"${TARGET_BUILD_DIR}/${FRAMEWORKS_FOLDER_PATH}/RxCocoa.framework",
				"${TARGET_BUILD_DIR}/${FRAMEWORKS_FOLDER_PATH}/RxSwift.framework",
			);
			runOnlyForDeploymentPostprocessing = 0;
			shellPath = /bin/sh;
			shellScript = "\"${SRCROOT}/Pods/Target Support Files/Pods-RxMVVM/Pods-RxMVVM-frameworks.sh\"\n";
			showEnvVarsInLog = 0;
		};
		BC5D6F3FC4A9C650E7955AF5 /* [CP] Check Pods Manifest.lock */ = {
			isa = PBXShellScriptBuildPhase;
			buildActionMask = 2147483647;
			files = (
			);
			inputPaths = (
				"${PODS_PODFILE_DIR_PATH}/Podfile.lock",
				"${PODS_ROOT}/Manifest.lock",
			);
			name = "[CP] Check Pods Manifest.lock";
			outputPaths = (
				"$(DERIVED_FILE_DIR)/Pods-RxMVVMTests-checkManifestLockResult.txt",
			);
			runOnlyForDeploymentPostprocessing = 0;
			shellPath = /bin/sh;
			shellScript = "diff \"${PODS_PODFILE_DIR_PATH}/Podfile.lock\" \"${PODS_ROOT}/Manifest.lock\" > /dev/null\nif [ $? != 0 ] ; then\n    # print error to STDERR\n    echo \"error: The sandbox is not in sync with the Podfile.lock. Run 'pod install' or update your CocoaPods installation.\" >&2\n    exit 1\nfi\n# This output is used by Xcode 'outputs' to avoid re-running this script phase.\necho \"SUCCESS\" > \"${SCRIPT_OUTPUT_FILE_0}\"\n";
			showEnvVarsInLog = 0;
		};
		F0E5BEA6FF93A3C1AE55E2FF /* [CP] Check Pods Manifest.lock */ = {
			isa = PBXShellScriptBuildPhase;
			buildActionMask = 2147483647;
			files = (
			);
			inputPaths = (
				"${PODS_PODFILE_DIR_PATH}/Podfile.lock",
				"${PODS_ROOT}/Manifest.lock",
			);
			name = "[CP] Check Pods Manifest.lock";
			outputPaths = (
				"$(DERIVED_FILE_DIR)/Pods-RxMVVM-checkManifestLockResult.txt",
			);
			runOnlyForDeploymentPostprocessing = 0;
			shellPath = /bin/sh;
			shellScript = "diff \"${PODS_PODFILE_DIR_PATH}/Podfile.lock\" \"${PODS_ROOT}/Manifest.lock\" > /dev/null\nif [ $? != 0 ] ; then\n    # print error to STDERR\n    echo \"error: The sandbox is not in sync with the Podfile.lock. Run 'pod install' or update your CocoaPods installation.\" >&2\n    exit 1\nfi\n# This output is used by Xcode 'outputs' to avoid re-running this script phase.\necho \"SUCCESS\" > \"${SCRIPT_OUTPUT_FILE_0}\"\n";
			showEnvVarsInLog = 0;
		};
/* End PBXShellScriptBuildPhase section */

/* Begin PBXSourcesBuildPhase section */
		0E8369232046C41800847E64 /* Sources */ = {
			isa = PBXSourcesBuildPhase;
			buildActionMask = 2147483647;
			files = (
				0E83692D2046C41800847E64 /* InitialViewController.swift in Sources */,
				0ED82E8320618B3100BEFC4C /* RNDControllerDelegate.swift in Sources */,
				0E6A6E3A2048764E00F359CE /* RNDViewModel.swift in Sources */,
				0EC174A420488D6D00BBDBCE /* ApiRequest.swift in Sources */,
				0E6A6E382048360900F359CE /* RNDModel.swift in Sources */,
				0E6A6E3C20487A5700F359CE /* ApiRequestDelegate.swift in Sources */,
				0ED82E81206180CB00BEFC4C /* RNDController.swift in Sources */,
				0E83692B2046C41800847E64 /* AppDelegate.swift in Sources */,
			);
			runOnlyForDeploymentPostprocessing = 0;
		};
		0E8369372046C41900847E64 /* Sources */ = {
			isa = PBXSourcesBuildPhase;
			buildActionMask = 2147483647;
			files = (
				0E2E84A92064279100F7DFF2 /* InitialViewController.swift in Sources */,
				0E2E84A62064278400F7DFF2 /* ApiRequestDelegate.swift in Sources */,
				0E2E84A72064278800F7DFF2 /* RNDController.swift in Sources */,
				0E2E84A82064278C00F7DFF2 /* RNDControllerDelegate.swift in Sources */,
				0E2E84AA2064279400F7DFF2 /* RNDViewModel.swift in Sources */,
				0E0D7FD12064244B00ED8368 /* RxMVVMTests.swift in Sources */,
				0E2E84B12064286800F7DFF2 /* RNDModel.swift in Sources */,
				0E2E84A52064278100F7DFF2 /* ApiRequest.swift in Sources */,
			);
			runOnlyForDeploymentPostprocessing = 0;
		};
/* End PBXSourcesBuildPhase section */

/* Begin PBXTargetDependency section */
		0E83693D2046C41900847E64 /* PBXTargetDependency */ = {
			isa = PBXTargetDependency;
			target = 0E8369262046C41800847E64 /* RxMVVM */;
			targetProxy = 0E83693C2046C41900847E64 /* PBXContainerItemProxy */;
		};
/* End PBXTargetDependency section */

/* Begin PBXVariantGroup section */
		0E83692E2046C41800847E64 /* Main.storyboard */ = {
			isa = PBXVariantGroup;
			children = (
				0E83692F2046C41800847E64 /* Base */,
			);
			name = Main.storyboard;
			sourceTree = "<group>";
		};
		0E8369332046C41800847E64 /* LaunchScreen.storyboard */ = {
			isa = PBXVariantGroup;
			children = (
				0E8369342046C41800847E64 /* Base */,
			);
			name = LaunchScreen.storyboard;
			sourceTree = "<group>";
		};
/* End PBXVariantGroup section */

/* Begin XCBuildConfiguration section */
		0E83694D2046C41900847E64 /* Debug */ = {
			isa = XCBuildConfiguration;
			buildSettings = {
				ALWAYS_SEARCH_USER_PATHS = NO;
				CLANG_ANALYZER_NONNULL = YES;
				CLANG_ANALYZER_NUMBER_OBJECT_CONVERSION = YES_AGGRESSIVE;
				CLANG_CXX_LANGUAGE_STANDARD = "gnu++14";
				CLANG_CXX_LIBRARY = "libc++";
				CLANG_ENABLE_MODULES = YES;
				CLANG_ENABLE_OBJC_ARC = YES;
				CLANG_WARN_BLOCK_CAPTURE_AUTORELEASING = YES;
				CLANG_WARN_BOOL_CONVERSION = YES;
				CLANG_WARN_COMMA = YES;
				CLANG_WARN_CONSTANT_CONVERSION = YES;
				CLANG_WARN_DIRECT_OBJC_ISA_USAGE = YES_ERROR;
				CLANG_WARN_DOCUMENTATION_COMMENTS = YES;
				CLANG_WARN_EMPTY_BODY = YES;
				CLANG_WARN_ENUM_CONVERSION = YES;
				CLANG_WARN_INFINITE_RECURSION = YES;
				CLANG_WARN_INT_CONVERSION = YES;
				CLANG_WARN_NON_LITERAL_NULL_CONVERSION = YES;
				CLANG_WARN_OBJC_LITERAL_CONVERSION = YES;
				CLANG_WARN_OBJC_ROOT_CLASS = YES_ERROR;
				CLANG_WARN_RANGE_LOOP_ANALYSIS = YES;
				CLANG_WARN_STRICT_PROTOTYPES = YES;
				CLANG_WARN_SUSPICIOUS_MOVE = YES;
				CLANG_WARN_UNGUARDED_AVAILABILITY = YES_AGGRESSIVE;
				CLANG_WARN_UNREACHABLE_CODE = YES;
				CLANG_WARN__DUPLICATE_METHOD_MATCH = YES;
				CODE_SIGN_IDENTITY = "iPhone Developer";
				COPY_PHASE_STRIP = NO;
				DEBUG_INFORMATION_FORMAT = dwarf;
				ENABLE_STRICT_OBJC_MSGSEND = YES;
				ENABLE_TESTABILITY = YES;
				GCC_C_LANGUAGE_STANDARD = gnu11;
				GCC_DYNAMIC_NO_PIC = NO;
				GCC_NO_COMMON_BLOCKS = YES;
				GCC_OPTIMIZATION_LEVEL = 0;
				GCC_PREPROCESSOR_DEFINITIONS = (
					"DEBUG=1",
					"$(inherited)",
				);
				GCC_WARN_64_TO_32_BIT_CONVERSION = YES;
				GCC_WARN_ABOUT_RETURN_TYPE = YES_ERROR;
				GCC_WARN_UNDECLARED_SELECTOR = YES;
				GCC_WARN_UNINITIALIZED_AUTOS = YES_AGGRESSIVE;
				GCC_WARN_UNUSED_FUNCTION = YES;
				GCC_WARN_UNUSED_VARIABLE = YES;
				IPHONEOS_DEPLOYMENT_TARGET = 11.2;
				MTL_ENABLE_DEBUG_INFO = YES;
				ONLY_ACTIVE_ARCH = YES;
				SDKROOT = iphoneos;
				SWIFT_ACTIVE_COMPILATION_CONDITIONS = DEBUG;
				SWIFT_OPTIMIZATION_LEVEL = "-Onone";
			};
			name = Debug;
		};
		0E83694E2046C41900847E64 /* Release */ = {
			isa = XCBuildConfiguration;
			buildSettings = {
				ALWAYS_SEARCH_USER_PATHS = NO;
				CLANG_ANALYZER_NONNULL = YES;
				CLANG_ANALYZER_NUMBER_OBJECT_CONVERSION = YES_AGGRESSIVE;
				CLANG_CXX_LANGUAGE_STANDARD = "gnu++14";
				CLANG_CXX_LIBRARY = "libc++";
				CLANG_ENABLE_MODULES = YES;
				CLANG_ENABLE_OBJC_ARC = YES;
				CLANG_WARN_BLOCK_CAPTURE_AUTORELEASING = YES;
				CLANG_WARN_BOOL_CONVERSION = YES;
				CLANG_WARN_COMMA = YES;
				CLANG_WARN_CONSTANT_CONVERSION = YES;
				CLANG_WARN_DIRECT_OBJC_ISA_USAGE = YES_ERROR;
				CLANG_WARN_DOCUMENTATION_COMMENTS = YES;
				CLANG_WARN_EMPTY_BODY = YES;
				CLANG_WARN_ENUM_CONVERSION = YES;
				CLANG_WARN_INFINITE_RECURSION = YES;
				CLANG_WARN_INT_CONVERSION = YES;
				CLANG_WARN_NON_LITERAL_NULL_CONVERSION = YES;
				CLANG_WARN_OBJC_LITERAL_CONVERSION = YES;
				CLANG_WARN_OBJC_ROOT_CLASS = YES_ERROR;
				CLANG_WARN_RANGE_LOOP_ANALYSIS = YES;
				CLANG_WARN_STRICT_PROTOTYPES = YES;
				CLANG_WARN_SUSPICIOUS_MOVE = YES;
				CLANG_WARN_UNGUARDED_AVAILABILITY = YES_AGGRESSIVE;
				CLANG_WARN_UNREACHABLE_CODE = YES;
				CLANG_WARN__DUPLICATE_METHOD_MATCH = YES;
				CODE_SIGN_IDENTITY = "iPhone Developer";
				COPY_PHASE_STRIP = NO;
				DEBUG_INFORMATION_FORMAT = "dwarf-with-dsym";
				ENABLE_NS_ASSERTIONS = NO;
				ENABLE_STRICT_OBJC_MSGSEND = YES;
				GCC_C_LANGUAGE_STANDARD = gnu11;
				GCC_NO_COMMON_BLOCKS = YES;
				GCC_WARN_64_TO_32_BIT_CONVERSION = YES;
				GCC_WARN_ABOUT_RETURN_TYPE = YES_ERROR;
				GCC_WARN_UNDECLARED_SELECTOR = YES;
				GCC_WARN_UNINITIALIZED_AUTOS = YES_AGGRESSIVE;
				GCC_WARN_UNUSED_FUNCTION = YES;
				GCC_WARN_UNUSED_VARIABLE = YES;
				IPHONEOS_DEPLOYMENT_TARGET = 11.2;
				MTL_ENABLE_DEBUG_INFO = NO;
				SDKROOT = iphoneos;
				SWIFT_OPTIMIZATION_LEVEL = "-Owholemodule";
				VALIDATE_PRODUCT = YES;
			};
			name = Release;
		};
		0E8369502046C41900847E64 /* Debug */ = {
			isa = XCBuildConfiguration;
			baseConfigurationReference = EBF4BF7355946532C30010AF /* Pods-RxMVVM.debug.xcconfig */;
			buildSettings = {
				ASSETCATALOG_COMPILER_APPICON_NAME = AppIcon;
				CODE_SIGN_STYLE = Automatic;
				DEVELOPMENT_TEAM = B4P3V9KUXN;
				FRAMEWORK_SEARCH_PATHS = (
					"$(inherited)",
					"$(PROJECT_DIR)/Carthage/Build/iOS",
				);
				INFOPLIST_FILE = "$(SRCROOT)/RxMVVM/Resources/Info.plist";
				IPHONEOS_DEPLOYMENT_TARGET = 10.0;
				LD_RUNPATH_SEARCH_PATHS = "$(inherited) @executable_path/Frameworks";
				PRODUCT_BUNDLE_IDENTIFIER = com.jader.RxMVVM;
				PRODUCT_NAME = "$(TARGET_NAME)";
				SWIFT_VERSION = 4.0;
				TARGETED_DEVICE_FAMILY = 1;
			};
			name = Debug;
		};
		0E8369512046C41900847E64 /* Release */ = {
			isa = XCBuildConfiguration;
			baseConfigurationReference = 215F7B82590F8234515C71A1 /* Pods-RxMVVM.release.xcconfig */;
			buildSettings = {
				ASSETCATALOG_COMPILER_APPICON_NAME = AppIcon;
				CODE_SIGN_STYLE = Automatic;
				DEVELOPMENT_TEAM = B4P3V9KUXN;
				FRAMEWORK_SEARCH_PATHS = (
					"$(inherited)",
					"$(PROJECT_DIR)/Carthage/Build/iOS",
				);
				INFOPLIST_FILE = "$(SRCROOT)/RxMVVM/Resources/Info.plist";
				IPHONEOS_DEPLOYMENT_TARGET = 10.0;
				LD_RUNPATH_SEARCH_PATHS = "$(inherited) @executable_path/Frameworks";
				PRODUCT_BUNDLE_IDENTIFIER = com.jader.RxMVVM;
				PRODUCT_NAME = "$(TARGET_NAME)";
				SWIFT_VERSION = 4.0;
				TARGETED_DEVICE_FAMILY = 1;
			};
			name = Release;
		};
		0E8369532046C41900847E64 /* Debug */ = {
			isa = XCBuildConfiguration;
			baseConfigurationReference = 4C9FCB7424EDD0B71CBA3358 /* Pods-RxMVVMTests.debug.xcconfig */;
			buildSettings = {
				ALWAYS_EMBED_SWIFT_STANDARD_LIBRARIES = YES;
				BUNDLE_LOADER = "$(TEST_HOST)";
				CODE_SIGN_STYLE = Automatic;
				DEVELOPMENT_TEAM = 3RC69C46Z3;
				FRAMEWORK_SEARCH_PATHS = (
					"$(inherited)",
					"$(PROJECT_DIR)/Carthage/Build/iOS",
				);
				INFOPLIST_FILE = RxMVVMTests/Info.plist;
				LD_RUNPATH_SEARCH_PATHS = "$(inherited) @executable_path/Frameworks @loader_path/Frameworks";
				PRODUCT_BUNDLE_IDENTIFIER = com.jader.RxMVVMTests;
				PRODUCT_NAME = "$(TARGET_NAME)";
				SWIFT_VERSION = 4.0;
				TARGETED_DEVICE_FAMILY = "1,2";
				TEST_HOST = "$(BUILT_PRODUCTS_DIR)/RxMVVM.app/RxMVVM";
			};
			name = Debug;
		};
		0E8369542046C41900847E64 /* Release */ = {
			isa = XCBuildConfiguration;
			baseConfigurationReference = 0C9BE75448ACAA4CEDCE8E24 /* Pods-RxMVVMTests.release.xcconfig */;
			buildSettings = {
				ALWAYS_EMBED_SWIFT_STANDARD_LIBRARIES = YES;
				BUNDLE_LOADER = "$(TEST_HOST)";
				CODE_SIGN_STYLE = Automatic;
				DEVELOPMENT_TEAM = 3RC69C46Z3;
				FRAMEWORK_SEARCH_PATHS = (
					"$(inherited)",
					"$(PROJECT_DIR)/Carthage/Build/iOS",
				);
				INFOPLIST_FILE = RxMVVMTests/Info.plist;
				LD_RUNPATH_SEARCH_PATHS = "$(inherited) @executable_path/Frameworks @loader_path/Frameworks";
				PRODUCT_BUNDLE_IDENTIFIER = com.jader.RxMVVMTests;
				PRODUCT_NAME = "$(TARGET_NAME)";
				SWIFT_VERSION = 4.0;
				TARGETED_DEVICE_FAMILY = "1,2";
				TEST_HOST = "$(BUILT_PRODUCTS_DIR)/RxMVVM.app/RxMVVM";
			};
			name = Release;
		};
/* End XCBuildConfiguration section */

/* Begin XCConfigurationList section */
		0E8369222046C41800847E64 /* Build configuration list for PBXProject "RxMVVM" */ = {
			isa = XCConfigurationList;
			buildConfigurations = (
				0E83694D2046C41900847E64 /* Debug */,
				0E83694E2046C41900847E64 /* Release */,
			);
			defaultConfigurationIsVisible = 0;
			defaultConfigurationName = Release;
		};
		0E83694F2046C41900847E64 /* Build configuration list for PBXNativeTarget "RxMVVM" */ = {
			isa = XCConfigurationList;
			buildConfigurations = (
				0E8369502046C41900847E64 /* Debug */,
				0E8369512046C41900847E64 /* Release */,
			);
			defaultConfigurationIsVisible = 0;
			defaultConfigurationName = Release;
		};
		0E8369522046C41900847E64 /* Build configuration list for PBXNativeTarget "RxMVVMTests" */ = {
			isa = XCConfigurationList;
			buildConfigurations = (
				0E8369532046C41900847E64 /* Debug */,
				0E8369542046C41900847E64 /* Release */,
			);
			defaultConfigurationIsVisible = 0;
			defaultConfigurationName = Release;
		};
/* End XCConfigurationList section */
	};
	rootObject = 0E83691F2046C41800847E64 /* Project object */;
}
